
Microsoft Visual Studio Solution File, Format Version 12.00
# Visual Studio Version 17
VisualStudioVersion = 17.1.31911.260
MinimumVisualStudioVersion = 10.0.40219.1
Project("{9A19103F-16F7-4668-BE54-9A1E7A4F7556}") = "NonSucking.Framework.Extension", "NonSucking.Framework.Extension\NonSucking.Framework.Extension.csproj", "{757C7A5A-69FD-4304-8E97-2B3A76CA244D}"
EndProject
Project("{9A19103F-16F7-4668-BE54-9A1E7A4F7556}") = "NonSucking.Framework.Extension.Tests", "NonSucking.Framework.Extension.Tests\NonSucking.Framework.Extension.Tests.csproj", "{3C9BDD86-2DB6-4B5D-9D8A-800774ABC0CA}"
EndProject
Project("{9A19103F-16F7-4668-BE54-9A1E7A4F7556}") = "NonSucking.Framework.Extension.Rx.Generators", "NonSucking.Framework.Extension.Rx.Generators\NonSucking.Framework.Extension.Rx.Generators.csproj", "{EF6A5F39-41A1-485E-85F3-D3ED415820B6}"
EndProject
Project("{9A19103F-16F7-4668-BE54-9A1E7A4F7556}") = "NonSucking.Framework.Extension.Rx", "NonSucking.Framework.Extension.Rx\NonSucking.Framework.Extension.Rx.csproj", "{8028E195-0607-456A-8D03-6E3EAC2C7853}"
EndProject
Project("{9A19103F-16F7-4668-BE54-9A1E7A4F7556}") = "NonSucking.Framework.Serialization", "NonSucking.Framework.Serialization\NonSucking.Framework.Serialization.csproj", "{BD80AE6A-488C-4063-BA81-24340A1AAEFC}"
EndProject
Project("{9A19103F-16F7-4668-BE54-9A1E7A4F7556}") = "DEMO", "DEMO\DEMO.csproj", "{1EDD4D1F-A5B6-4013-B042-54DCA912B054}"
EndProject
Project("{9A19103F-16F7-4668-BE54-9A1E7A4F7556}") = "NonSucking.Framework.Extension.Generators.Tests", "NonSucking.Framework.Extension.Generators.Tests\NonSucking.Framework.Extension.Generators.Tests.csproj", "{D329A6BB-2373-45C4-8F5B-F8B73C9CD430}"
EndProject
Global
	GlobalSection(SolutionConfigurationPlatforms) = preSolution
		Debug|Any CPU = Debug|Any CPU
		Release|Any CPU = Release|Any CPU
	EndGlobalSection
	GlobalSection(ProjectConfigurationPlatforms) = postSolution
		{757C7A5A-69FD-4304-8E97-2B3A76CA244D}.Debug|Any CPU.ActiveCfg = Debug|Any CPU
		{757C7A5A-69FD-4304-8E97-2B3A76CA244D}.Debug|Any CPU.Build.0 = Debug|Any CPU
		{757C7A5A-69FD-4304-8E97-2B3A76CA244D}.Release|Any CPU.ActiveCfg = Release|Any CPU
		{757C7A5A-69FD-4304-8E97-2B3A76CA244D}.Release|Any CPU.Build.0 = Release|Any CPU
		{3C9BDD86-2DB6-4B5D-9D8A-800774ABC0CA}.Debug|Any CPU.ActiveCfg = Debug|Any CPU
		{3C9BDD86-2DB6-4B5D-9D8A-800774ABC0CA}.Debug|Any CPU.Build.0 = Debug|Any CPU
		{3C9BDD86-2DB6-4B5D-9D8A-800774ABC0CA}.Release|Any CPU.ActiveCfg = Release|Any CPU
		{3C9BDD86-2DB6-4B5D-9D8A-800774ABC0CA}.Release|Any CPU.Build.0 = Release|Any CPU
		{EF6A5F39-41A1-485E-85F3-D3ED415820B6}.Debug|Any CPU.ActiveCfg = Debug|Any CPU
		{EF6A5F39-41A1-485E-85F3-D3ED415820B6}.Debug|Any CPU.Build.0 = Debug|Any CPU
		{EF6A5F39-41A1-485E-85F3-D3ED415820B6}.Release|Any CPU.ActiveCfg = Release|Any CPU
		{EF6A5F39-41A1-485E-85F3-D3ED415820B6}.Release|Any CPU.Build.0 = Release|Any CPU
		{8028E195-0607-456A-8D03-6E3EAC2C7853}.Debug|Any CPU.ActiveCfg = Debug|Any CPU
		{8028E195-0607-456A-8D03-6E3EAC2C7853}.Debug|Any CPU.Build.0 = Debug|Any CPU
		{8028E195-0607-456A-8D03-6E3EAC2C7853}.Release|Any CPU.ActiveCfg = Release|Any CPU
		{8028E195-0607-456A-8D03-6E3EAC2C7853}.Release|Any CPU.Build.0 = Release|Any CPU
		{BD80AE6A-488C-4063-BA81-24340A1AAEFC}.Debug|Any CPU.ActiveCfg = Debug|Any CPU
		{BD80AE6A-488C-4063-BA81-24340A1AAEFC}.Debug|Any CPU.Build.0 = Debug|Any CPU
		{BD80AE6A-488C-4063-BA81-24340A1AAEFC}.Release|Any CPU.ActiveCfg = Release|Any CPU
		{BD80AE6A-488C-4063-BA81-24340A1AAEFC}.Release|Any CPU.Build.0 = Release|Any CPU
		{1EDD4D1F-A5B6-4013-B042-54DCA912B054}.Debug|Any CPU.ActiveCfg = Debug|Any CPU
		{1EDD4D1F-A5B6-4013-B042-54DCA912B054}.Debug|Any CPU.Build.0 = Debug|Any CPU
		{1EDD4D1F-A5B6-4013-B042-54DCA912B054}.Release|Any CPU.ActiveCfg = Release|Any CPU
		{1EDD4D1F-A5B6-4013-B042-54DCA912B054}.Release|Any CPU.Build.0 = Release|Any CPU
		{D329A6BB-2373-45C4-8F5B-F8B73C9CD430}.Debug|Any CPU.ActiveCfg = Debug|Any CPU
		{D329A6BB-2373-45C4-8F5B-F8B73C9CD430}.Debug|Any CPU.Build.0 = Debug|Any CPU
		{D329A6BB-2373-45C4-8F5B-F8B73C9CD430}.Release|Any CPU.ActiveCfg = Release|Any CPU
		{D329A6BB-2373-45C4-8F5B-F8B73C9CD430}.Release|Any CPU.Build.0 = Release|Any CPU
	EndGlobalSection
	GlobalSection(SolutionProperties) = preSolution
		HideSolutionNode = FALSE
	EndGlobalSection
	GlobalSection(ExtensibilityGlobals) = postSolution
		SolutionGuid = {2938EA08-9C94-425B-81F3-434AF51FFBCE}
	EndGlobalSection
EndGlobal
