
Microsoft Visual Studio Solution File, Format Version 12.00
# Visual Studio Version 17
VisualStudioVersion = 17.1.31911.260
MinimumVisualStudioVersion = 10.0.40219.1
Project("{9A19103F-16F7-4668-BE54-9A1E7A4F7556}") = "NonSucking.Framework.Extension", "NonSucking.Framework.Extension\NonSucking.Framework.Extension.csproj", "{757C7A5A-69FD-4304-8E97-2B3A76CA244D}"
EndProject
Project("{9A19103F-16F7-4668-BE54-9A1E7A4F7556}") = "NonSucking.Framework.Extension.Tests", "NonSucking.Framework.Extension.Tests\NonSucking.Framework.Extension.Tests.csproj", "{3C9BDD86-2DB6-4B5D-9D8A-800774ABC0CA}"
EndProject
Project("{9A19103F-16F7-4668-BE54-9A1E7A4F7556}") = "NonSucking.Framework.Extension.Rx.Generators", "NonSucking.Framework.Extension.Rx.Generators\NonSucking.Framework.Extension.Rx.Generators.csproj", "{EF6A5F39-41A1-485E-85F3-D3ED415820B6}"
EndProject
Project("{9A19103F-16F7-4668-BE54-9A1E7A4F7556}") = "NonSucking.Framework.Extension.Rx", "NonSucking.Framework.Extension.Rx\NonSucking.Framework.Extension.Rx.csproj", "{8028E195-0607-456A-8D03-6E3EAC2C7853}"
EndProject
Project("{9A19103F-16F7-4668-BE54-9A1E7A4F7556}") = "NonSucking.Framework.Serialization", "NonSucking.Framework.Serialization\NonSucking.Framework.Serialization.csproj", "{BD80AE6A-488C-4063-BA81-24340A1AAEFC}"
EndProject
Project("{9A19103F-16F7-4668-BE54-9A1E7A4F7556}") = "DEMO", "DEMO\DEMO.csproj", "{1EDD4D1F-A5B6-4013-B042-54DCA912B054}"
EndProject
Project("{9A19103F-16F7-4668-BE54-9A1E7A4F7556}") = "NonSucking.Framework.Serialization.SerializerCollector", "NonSucking.Framework.Serialization.SerializerCollector\NonSucking.Framework.Serialization.SerializerCollector.csproj", "{5748C3A7-CB3B-434B-B4EB-9F3C6701916D}"
EndProject
Project("{9A19103F-16F7-4668-BE54-9A1E7A4F7556}") = "NonSucking.Framework.Serialization.Advanced", "NonSucking.Framework.Serialization.Advanced\NonSucking.Framework.Serialization.Advanced.csproj", "{79D243FD-197B-4358-B3E9-E2EB79C13ACF}"
EndProject
Project("{9A19103F-16F7-4668-BE54-9A1E7A4F7556}") = "DEMO.Base", "DEMO.Base\DEMO.Base.csproj", "{B1A1B2D7-A54A-4FDE-BED9-48DCB702F418}"
EndProject
Project("{9A19103F-16F7-4668-BE54-9A1E7A4F7556}") = "NonSucking.Framework.Extension.EntityFrameworkCore", "NonSucking.Framework.Extension.EntityFrameworkCore\NonSucking.Framework.Extension.EntityFrameworkCore.csproj", "{9531439E-BA92-4457-A30C-6C707DEE4EF6}"
EndProject
Project("{2150E333-8FDC-42A3-9474-1A3956D46DE8}") = "EntityFrameworkExtension", "EntityFrameworkExtension", "{88C91CBB-4FFD-4A3E-BD44-FFDC1C202BE6}"
EndProject
Project("{9A19103F-16F7-4668-BE54-9A1E7A4F7556}") = "NonSucking.Framework.Extension.Database.InMemory", "EntityFrameworkExtension\NonSucking.Framework.Extension.Database.InMemory\NonSucking.Framework.Extension.Database.InMemory.csproj", "{E1DEA45A-A4BB-4A88-8FD9-20061CD3B014}"
EndProject
Project("{9A19103F-16F7-4668-BE54-9A1E7A4F7556}") = "NonSucking.Framework.Extension.Database.MSSQL", "EntityFrameworkExtension\NonSucking.Framework.Extension.Database.MSSQL\NonSucking.Framework.Extension.Database.MSSQL.csproj", "{ED5663F3-A355-4586-A30A-68E6CE3F2FC7}"
EndProject
Project("{9A19103F-16F7-4668-BE54-9A1E7A4F7556}") = "NonSucking.Framework.Extension.Database.MySql", "EntityFrameworkExtension\NonSucking.Framework.Extension.Database.MySql\NonSucking.Framework.Extension.Database.MySql.csproj", "{56EBC6DE-7D58-4FB9-B696-28C4C7335A97}"
EndProject
Project("{9A19103F-16F7-4668-BE54-9A1E7A4F7556}") = "NonSucking.Framework.Extension.Database.Sqlite", "EntityFrameworkExtension\NonSucking.Framework.Extension.Database.Sqlite\NonSucking.Framework.Extension.Database.Sqlite.csproj", "{65FA58CE-BD18-45F3-9A70-B500D419C45D}"
EndProject
Project("{9A19103F-16F7-4668-BE54-9A1E7A4F7556}") = "NonSucking.Framework.Extension.Database.PostgreSQL", "EntityFrameworkExtension\NonSucking.Framework.Extension.Database.PostgreSQL\NonSucking.Framework.Extension.Database.PostgreSQL.csproj", "{3B88FE46-6E96-4597-AC05-60984F3B4FD0}"
EndProject
Global
	GlobalSection(SolutionConfigurationPlatforms) = preSolution
		Debug|Any CPU = Debug|Any CPU
		Release|Any CPU = Release|Any CPU
	EndGlobalSection
	GlobalSection(ProjectConfigurationPlatforms) = postSolution
		{757C7A5A-69FD-4304-8E97-2B3A76CA244D}.Debug|Any CPU.ActiveCfg = Debug|Any CPU
		{757C7A5A-69FD-4304-8E97-2B3A76CA244D}.Debug|Any CPU.Build.0 = Debug|Any CPU
		{757C7A5A-69FD-4304-8E97-2B3A76CA244D}.Release|Any CPU.ActiveCfg = Release|Any CPU
		{757C7A5A-69FD-4304-8E97-2B3A76CA244D}.Release|Any CPU.Build.0 = Release|Any CPU
		{3C9BDD86-2DB6-4B5D-9D8A-800774ABC0CA}.Debug|Any CPU.ActiveCfg = Debug|Any CPU
		{3C9BDD86-2DB6-4B5D-9D8A-800774ABC0CA}.Debug|Any CPU.Build.0 = Debug|Any CPU
		{3C9BDD86-2DB6-4B5D-9D8A-800774ABC0CA}.Release|Any CPU.ActiveCfg = Release|Any CPU
		{3C9BDD86-2DB6-4B5D-9D8A-800774ABC0CA}.Release|Any CPU.Build.0 = Release|Any CPU
		{EF6A5F39-41A1-485E-85F3-D3ED415820B6}.Debug|Any CPU.ActiveCfg = Debug|Any CPU
		{EF6A5F39-41A1-485E-85F3-D3ED415820B6}.Debug|Any CPU.Build.0 = Debug|Any CPU
		{EF6A5F39-41A1-485E-85F3-D3ED415820B6}.Release|Any CPU.ActiveCfg = Release|Any CPU
		{EF6A5F39-41A1-485E-85F3-D3ED415820B6}.Release|Any CPU.Build.0 = Release|Any CPU
		{8028E195-0607-456A-8D03-6E3EAC2C7853}.Debug|Any CPU.ActiveCfg = Debug|Any CPU
		{8028E195-0607-456A-8D03-6E3EAC2C7853}.Debug|Any CPU.Build.0 = Debug|Any CPU
		{8028E195-0607-456A-8D03-6E3EAC2C7853}.Release|Any CPU.ActiveCfg = Release|Any CPU
		{8028E195-0607-456A-8D03-6E3EAC2C7853}.Release|Any CPU.Build.0 = Release|Any CPU
		{BD80AE6A-488C-4063-BA81-24340A1AAEFC}.Debug|Any CPU.ActiveCfg = Debug|Any CPU
		{BD80AE6A-488C-4063-BA81-24340A1AAEFC}.Debug|Any CPU.Build.0 = Debug|Any CPU
		{BD80AE6A-488C-4063-BA81-24340A1AAEFC}.Release|Any CPU.ActiveCfg = Release|Any CPU
		{BD80AE6A-488C-4063-BA81-24340A1AAEFC}.Release|Any CPU.Build.0 = Release|Any CPU
		{1EDD4D1F-A5B6-4013-B042-54DCA912B054}.Debug|Any CPU.ActiveCfg = Debug|Any CPU
		{1EDD4D1F-A5B6-4013-B042-54DCA912B054}.Debug|Any CPU.Build.0 = Debug|Any CPU
		{1EDD4D1F-A5B6-4013-B042-54DCA912B054}.Release|Any CPU.ActiveCfg = Release|Any CPU
		{1EDD4D1F-A5B6-4013-B042-54DCA912B054}.Release|Any CPU.Build.0 = Release|Any CPU
		{5748C3A7-CB3B-434B-B4EB-9F3C6701916D}.Debug|Any CPU.ActiveCfg = Debug|Any CPU
		{5748C3A7-CB3B-434B-B4EB-9F3C6701916D}.Debug|Any CPU.Build.0 = Debug|Any CPU
		{5748C3A7-CB3B-434B-B4EB-9F3C6701916D}.Release|Any CPU.ActiveCfg = Release|Any CPU
		{5748C3A7-CB3B-434B-B4EB-9F3C6701916D}.Release|Any CPU.Build.0 = Release|Any CPU
		{79D243FD-197B-4358-B3E9-E2EB79C13ACF}.Debug|Any CPU.ActiveCfg = Debug|Any CPU
		{79D243FD-197B-4358-B3E9-E2EB79C13ACF}.Debug|Any CPU.Build.0 = Debug|Any CPU
		{79D243FD-197B-4358-B3E9-E2EB79C13ACF}.Release|Any CPU.ActiveCfg = Release|Any CPU
		{79D243FD-197B-4358-B3E9-E2EB79C13ACF}.Release|Any CPU.Build.0 = Release|Any CPU
		{B1A1B2D7-A54A-4FDE-BED9-48DCB702F418}.Debug|Any CPU.ActiveCfg = Debug|Any CPU
		{B1A1B2D7-A54A-4FDE-BED9-48DCB702F418}.Debug|Any CPU.Build.0 = Debug|Any CPU
		{B1A1B2D7-A54A-4FDE-BED9-48DCB702F418}.Release|Any CPU.ActiveCfg = Release|Any CPU
		{B1A1B2D7-A54A-4FDE-BED9-48DCB702F418}.Release|Any CPU.Build.0 = Release|Any CPU
		{9531439E-BA92-4457-A30C-6C707DEE4EF6}.Debug|Any CPU.ActiveCfg = Debug|Any CPU
		{9531439E-BA92-4457-A30C-6C707DEE4EF6}.Debug|Any CPU.Build.0 = Debug|Any CPU
		{9531439E-BA92-4457-A30C-6C707DEE4EF6}.Release|Any CPU.ActiveCfg = Release|Any CPU
		{9531439E-BA92-4457-A30C-6C707DEE4EF6}.Release|Any CPU.Build.0 = Release|Any CPU
		{E1DEA45A-A4BB-4A88-8FD9-20061CD3B014}.Debug|Any CPU.ActiveCfg = Debug|Any CPU
		{E1DEA45A-A4BB-4A88-8FD9-20061CD3B014}.Debug|Any CPU.Build.0 = Debug|Any CPU
		{E1DEA45A-A4BB-4A88-8FD9-20061CD3B014}.Release|Any CPU.ActiveCfg = Release|Any CPU
		{E1DEA45A-A4BB-4A88-8FD9-20061CD3B014}.Release|Any CPU.Build.0 = Release|Any CPU
		{ED5663F3-A355-4586-A30A-68E6CE3F2FC7}.Debug|Any CPU.ActiveCfg = Debug|Any CPU
		{ED5663F3-A355-4586-A30A-68E6CE3F2FC7}.Debug|Any CPU.Build.0 = Debug|Any CPU
		{ED5663F3-A355-4586-A30A-68E6CE3F2FC7}.Release|Any CPU.ActiveCfg = Release|Any CPU
		{ED5663F3-A355-4586-A30A-68E6CE3F2FC7}.Release|Any CPU.Build.0 = Release|Any CPU
		{56EBC6DE-7D58-4FB9-B696-28C4C7335A97}.Debug|Any CPU.ActiveCfg = Debug|Any CPU
		{56EBC6DE-7D58-4FB9-B696-28C4C7335A97}.Debug|Any CPU.Build.0 = Debug|Any CPU
		{56EBC6DE-7D58-4FB9-B696-28C4C7335A97}.Release|Any CPU.ActiveCfg = Release|Any CPU
		{56EBC6DE-7D58-4FB9-B696-28C4C7335A97}.Release|Any CPU.Build.0 = Release|Any CPU
		{65FA58CE-BD18-45F3-9A70-B500D419C45D}.Debug|Any CPU.ActiveCfg = Debug|Any CPU
		{65FA58CE-BD18-45F3-9A70-B500D419C45D}.Debug|Any CPU.Build.0 = Debug|Any CPU
		{65FA58CE-BD18-45F3-9A70-B500D419C45D}.Release|Any CPU.ActiveCfg = Release|Any CPU
		{65FA58CE-BD18-45F3-9A70-B500D419C45D}.Release|Any CPU.Build.0 = Release|Any CPU
		{3B88FE46-6E96-4597-AC05-60984F3B4FD0}.Debug|Any CPU.ActiveCfg = Debug|Any CPU
		{3B88FE46-6E96-4597-AC05-60984F3B4FD0}.Debug|Any CPU.Build.0 = Debug|Any CPU
		{3B88FE46-6E96-4597-AC05-60984F3B4FD0}.Release|Any CPU.ActiveCfg = Release|Any CPU
		{3B88FE46-6E96-4597-AC05-60984F3B4FD0}.Release|Any CPU.Build.0 = Release|Any CPU
	EndGlobalSection
	GlobalSection(SolutionProperties) = preSolution
		HideSolutionNode = FALSE
	EndGlobalSection
	GlobalSection(NestedProjects) = preSolution
		{E1DEA45A-A4BB-4A88-8FD9-20061CD3B014} = {88C91CBB-4FFD-4A3E-BD44-FFDC1C202BE6}
		{ED5663F3-A355-4586-A30A-68E6CE3F2FC7} = {88C91CBB-4FFD-4A3E-BD44-FFDC1C202BE6}
		{56EBC6DE-7D58-4FB9-B696-28C4C7335A97} = {88C91CBB-4FFD-4A3E-BD44-FFDC1C202BE6}
		{65FA58CE-BD18-45F3-9A70-B500D419C45D} = {88C91CBB-4FFD-4A3E-BD44-FFDC1C202BE6}
		{3B88FE46-6E96-4597-AC05-60984F3B4FD0} = {88C91CBB-4FFD-4A3E-BD44-FFDC1C202BE6}
	EndGlobalSection
	GlobalSection(ExtensibilityGlobals) = postSolution
		SolutionGuid = {2938EA08-9C94-425B-81F3-434AF51FFBCE}
	EndGlobalSection
EndGlobal
